
Microsoft Visual Studio Solution File, Format Version 12.00
# Visual Studio Version 17
VisualStudioVersion = 17.6.33829.357
MinimumVisualStudioVersion = 10.0.40219.1
Project("{FAE04EC0-301F-11D3-BF4B-00C04F79EFBC}") = "Mindbox.Geometry", "Mindbox.Geometry\Mindbox.Geometry.csproj", "{00C6C46B-C7D2-47EC-98EF-18370E59F3D6}"
EndProject
Project("{FAE04EC0-301F-11D3-BF4B-00C04F79EFBC}") = "Mindbox.Geometry.Tests", "Mindbox.Geometry.Tests\Mindbox.Geometry.Tests.csproj", "{AAABF8D6-97F7-4665-8E51-DEA87FB5FC8F}"
EndProject
Global
	GlobalSection(SolutionConfigurationPlatforms) = preSolution
		Debug|Any CPU = Debug|Any CPU
		Release|Any CPU = Release|Any CPU
	EndGlobalSection
	GlobalSection(ProjectConfigurationPlatforms) = postSolution
		{00C6C46B-C7D2-47EC-98EF-18370E59F3D6}.Debug|Any CPU.ActiveCfg = Debug|Any CPU
		{00C6C46B-C7D2-47EC-98EF-18370E59F3D6}.Debug|Any CPU.Build.0 = Debug|Any CPU
		{00C6C46B-C7D2-47EC-98EF-18370E59F3D6}.Release|Any CPU.ActiveCfg = Release|Any CPU
		{00C6C46B-C7D2-47EC-98EF-18370E59F3D6}.Release|Any CPU.Build.0 = Release|Any CPU
		{AAABF8D6-97F7-4665-8E51-DEA87FB5FC8F}.Debug|Any CPU.ActiveCfg = Debug|Any CPU
		{AAABF8D6-97F7-4665-8E51-DEA87FB5FC8F}.Debug|Any CPU.Build.0 = Debug|Any CPU
		{AAABF8D6-97F7-4665-8E51-DEA87FB5FC8F}.Release|Any CPU.ActiveCfg = Release|Any CPU
		{AAABF8D6-97F7-4665-8E51-DEA87FB5FC8F}.Release|Any CPU.Build.0 = Release|Any CPU
	EndGlobalSection
	GlobalSection(SolutionProperties) = preSolution
		HideSolutionNode = FALSE
	EndGlobalSection
	GlobalSection(ExtensibilityGlobals) = postSolution
		SolutionGuid = {2BC038EB-E960-4437-80C2-D154C1C37C6C}
	EndGlobalSection
EndGlobal
